{
  "nodes": {
    "fenix": {
      "inputs": {
        "nixpkgs": [
          "nixpkgs"
        ],
        "rust-analyzer-src": "rust-analyzer-src"
      },
      "locked": {
        "lastModified": 1791291961,
        "narHash": "sha256-z5Mff3AcQ/oa2OskKN7vpU7J4h7nsn4IP2YUgEwdx0Q=",
        "owner": "nix-community",
        "repo": "fenix",
        "rev": "eff70f371f14fef5af78d58ace7c7f6bb60f3da8",
        "type": "github"
      },
      "original": {
        "owner": "nix-community",
        "repo": "fenix",
        "type": "github"
      }
    },
    "nixpkgs": {
      "locked": {
        "lastModified": 1791254437,
        "narHash": "sha256-qMSsgG+9tIdx282dMqGuJAUK3t6F36clM6efd0rXfes=",
        "owner": "nixos",
        "repo": "nixpkgs",
        "rev": "b25309931cfda5f0b8805f462a29897eeae50168",
        "type": "github"
      },
      "original": {
        "owner": "nixos",
        "ref": "nixos-26.05",
        "repo": "nixpkgs",
        "type": "github"
      }
    },
    "nur-anttiharju": {
      "inputs": {
        "nixpkgs": [
          "nixpkgs"
        ]
      },
      "locked": {
        "lastModified": 1791124440,
        "narHash": "sha256-3EYkCGI/cP8FtS19H89u2xru+r3CE/MwSgGkhMIdens=",
        "owner": "anttiharju",
        "repo": "nur-packages",
        "rev": "844aeb69f27fa0b4e75cd9e20c81bb71072ab91f",
        "type": "github"
      },
      "original": {
        "owner": "anttiharju",
        "repo": "nur-packages",
        "type": "github"
      }
    },
    "root": {
      "inputs": {
        "fenix": "fenix",
        "nixpkgs": "nixpkgs",
        "nur-anttiharju": "nur-anttiharju"
      }
    },
    "rust-analyzer-src": {
      "flake": false,
      "locked": {
        "lastModified": 1791221318,
        "narHash": "sha256-Qjdu1LEaFlYt1Ghkt8ToGJdlHu00R8fHYm7Z9lKlJVg=",
        "owner": "rust-lang",
        "repo": "rust-analyzer",
        "rev": "ce37b245369ade4e2a18063ae4d60a17606c6d26",
        "type": "github"
      },
      "original": {
        "owner": "rust-lang",
        "ref": "nightly",
        "repo": "rust-analyzer",
        "type": "github"
      }
    }
  },
  "root": "root",
  "version": 7
}
