{
  "nodes": {
    "fenix": {
      "inputs": {
        "nixpkgs": [
          "nixpkgs"
        ],
        "rust-analyzer-src": "rust-analyzer-src"
      },
      "locked": {
        "lastModified": 1790161843,
        "narHash": "sha256-wFCU/A74cqj9AuzdauhWLrZsltJELvyfcfcotCl4rFY=",
        "owner": "nix-community",
        "repo": "fenix",
        "rev": "6bd8c2ef0033a19933ce0d0a4152a7d204e430d3",
        "type": "github"
      },
      "original": {
        "owner": "nix-community",
        "repo": "fenix",
        "type": "github"
      }
    },
    "nixpkgs": {
      "locked": {
        "lastModified": 1790113641,
        "narHash": "sha256-D2aaQetafdpHxbwA4ldAxs51UX0b11pXL+JL/5L8VrM=",
        "owner": "nixos",
        "repo": "nixpkgs",
        "rev": "1bc55b9def8165e82073919945c3239903fe4dc2",
        "type": "github"
      },
      "original": {
        "owner": "nixos",
        "ref": "nixos-26.05",
        "repo": "nixpkgs",
        "type": "github"
      }
    },
    "nur-anttiharju": {
      "inputs": {
        "nixpkgs": [
          "nixpkgs"
        ]
      },
      "locked": {
        "lastModified": 1790101015,
        "narHash": "sha256-V2TdnFeZvTWX9JDjMhT/4FFkLMgnVrTnwuRRJMahW3I=",
        "owner": "anttiharju",
        "repo": "nur-packages",
        "rev": "7ca5363b7b9b9a72bc87f5994a3eea1bd2e6bd5e",
        "type": "github"
      },
      "original": {
        "owner": "anttiharju",
        "repo": "nur-packages",
        "type": "github"
      }
    },
    "root": {
      "inputs": {
        "fenix": "fenix",
        "nixpkgs": "nixpkgs",
        "nur-anttiharju": "nur-anttiharju"
      }
    },
    "rust-analyzer-src": {
      "flake": false,
      "locked": {
        "lastModified": 1790072621,
        "narHash": "sha256-MFoS6XYbLmz2hb9zW++kVQhnRRhtZ1TngrERwzz4VN4=",
        "owner": "rust-lang",
        "repo": "rust-analyzer",
        "rev": "7ac8fbfeecbf8030eb9f9058313c21c933bcdf1c",
        "type": "github"
      },
      "original": {
        "owner": "rust-lang",
        "ref": "nightly",
        "repo": "rust-analyzer",
        "type": "github"
      }
    }
  },
  "root": "root",
  "version": 7
}
