{
  "nodes": {
    "fenix": {
      "inputs": {
        "nixpkgs": [
          "nixpkgs"
        ],
        "rust-analyzer-src": "rust-analyzer-src"
      },
      "locked": {
        "lastModified": 1787295275,
        "narHash": "sha256-I/1JRiGmO5/PEAHX6UeaGPsiwHyFy/e6QYlo2eeKIO4=",
        "owner": "nix-community",
        "repo": "fenix",
        "rev": "b2d5394982978a49df40a075f51e7cfc62c324ca",
        "type": "github"
      },
      "original": {
        "owner": "nix-community",
        "repo": "fenix",
        "type": "github"
      }
    },
    "nixpkgs": {
      "locked": {
        "lastModified": 1787204541,
        "narHash": "sha256-OURZPknrTjQrlNyxPdqzyqmU/81Wes1CUP/Ft1Rv/YI=",
        "owner": "nixos",
        "repo": "nixpkgs",
        "rev": "5880666fd9eb563038431edb35c2d0aa595884e6",
        "type": "github"
      },
      "original": {
        "owner": "nixos",
        "ref": "nixos-26.05",
        "repo": "nixpkgs",
        "type": "github"
      }
    },
    "nur-anttiharju": {
      "inputs": {
        "nixpkgs": [
          "nixpkgs"
        ]
      },
      "locked": {
        "lastModified": 1785056201,
        "narHash": "sha256-5ykDS51S7vk9j4vbDzTsXzYlmI87/uRxO2woXcXn5PU=",
        "owner": "anttiharju",
        "repo": "nur-packages",
        "rev": "1edc8d6e7eab00a0e634a7ec69866a9fd4c925f5",
        "type": "github"
      },
      "original": {
        "owner": "anttiharju",
        "repo": "nur-packages",
        "type": "github"
      }
    },
    "root": {
      "inputs": {
        "fenix": "fenix",
        "nixpkgs": "nixpkgs",
        "nur-anttiharju": "nur-anttiharju"
      }
    },
    "rust-analyzer-src": {
      "flake": false,
      "locked": {
        "lastModified": 1787269862,
        "narHash": "sha256-8pvHbL/ARH159+/Tvt1Savv9HOWfjvvvv6TJFOM5Rlg=",
        "owner": "rust-lang",
        "repo": "rust-analyzer",
        "rev": "5f8813d64fff2e293dcc99d54a21f6f4edc88d50",
        "type": "github"
      },
      "original": {
        "owner": "rust-lang",
        "ref": "nightly",
        "repo": "rust-analyzer",
        "type": "github"
      }
    }
  },
  "root": "root",
  "version": 7
}
